
Microsoft Visual Studio Solution File, Format Version 12.00
# Visual Studio Version 17
VisualStudioVersion = 17.12.35527.113 d17.12
MinimumVisualStudioVersion = 10.0.40219.1
Project("{FAE04EC0-301F-11D3-BF4B-00C04F79EFBC}") = "BierOpdracht", "BierOpdracht.csproj", "{AACA8DE9-0945-47AF-9C97-8F6B184FABAE}"
EndProject
Global
	GlobalSection(SolutionConfigurationPlatforms) = preSolution
		Debug|Any CPU = Debug|Any CPU
		Release|Any CPU = Release|Any CPU
	EndGlobalSection
	GlobalSection(ProjectConfigurationPlatforms) = postSolution
		{AACA8DE9-0945-47AF-9C97-8F6B184FABAE}.Debug|Any CPU.ActiveCfg = Debug|Any CPU
		{AACA8DE9-0945-47AF-9C97-8F6B184FABAE}.Debug|Any CPU.Build.0 = Debug|Any CPU
		{AACA8DE9-0945-47AF-9C97-8F6B184FABAE}.Release|Any CPU.ActiveCfg = Release|Any CPU
		{AACA8DE9-0945-47AF-9C97-8F6B184FABAE}.Release|Any CPU.Build.0 = Release|Any CPU
	EndGlobalSection
	GlobalSection(SolutionProperties) = preSolution
		HideSolutionNode = FALSE
	EndGlobalSection
EndGlobal
